
Microsoft Visual Studio Solution File, Format Version 12.00
# Visual Studio Version 17
VisualStudioVersion = 17.5.33516.290
MinimumVisualStudioVersion = 10.0.40219.1
Project("{9A19103F-16F7-4668-BE54-9A1E7A4F7556}") = "Consumer", "Consumer.csproj", "{00504F50-BEE4-49FA-97F1-D65EC7147240}"
EndProject
Project("{9A19103F-16F7-4668-BE54-9A1E7A4F7556}") = "Publisher", "..\Publisher\Publisher.csproj", "{B1AD486E-2E4B-4F25-8793-F601671C7ECC}"
EndProject
Project("{9A19103F-16F7-4668-BE54-9A1E7A4F7556}") = "ProtocoloAPI", "..\ProtocoloAPI\ProtocoloAPI.csproj", "{67E7F77A-5DF1-4BF0-9F67-035DB032C7EC}"
EndProject
Global
	GlobalSection(SolutionConfigurationPlatforms) = preSolution
		Debug|Any CPU = Debug|Any CPU
		Release|Any CPU = Release|Any CPU
	EndGlobalSection
	GlobalSection(ProjectConfigurationPlatforms) = postSolution
		{00504F50-BEE4-49FA-97F1-D65EC7147240}.Debug|Any CPU.ActiveCfg = Debug|Any CPU
		{00504F50-BEE4-49FA-97F1-D65EC7147240}.Debug|Any CPU.Build.0 = Debug|Any CPU
		{00504F50-BEE4-49FA-97F1-D65EC7147240}.Release|Any CPU.ActiveCfg = Release|Any CPU
		{00504F50-BEE4-49FA-97F1-D65EC7147240}.Release|Any CPU.Build.0 = Release|Any CPU
		{B1AD486E-2E4B-4F25-8793-F601671C7ECC}.Debug|Any CPU.ActiveCfg = Debug|Any CPU
		{B1AD486E-2E4B-4F25-8793-F601671C7ECC}.Debug|Any CPU.Build.0 = Debug|Any CPU
		{B1AD486E-2E4B-4F25-8793-F601671C7ECC}.Release|Any CPU.ActiveCfg = Release|Any CPU
		{B1AD486E-2E4B-4F25-8793-F601671C7ECC}.Release|Any CPU.Build.0 = Release|Any CPU
		{67E7F77A-5DF1-4BF0-9F67-035DB032C7EC}.Debug|Any CPU.ActiveCfg = Debug|Any CPU
		{67E7F77A-5DF1-4BF0-9F67-035DB032C7EC}.Debug|Any CPU.Build.0 = Debug|Any CPU
		{67E7F77A-5DF1-4BF0-9F67-035DB032C7EC}.Release|Any CPU.ActiveCfg = Release|Any CPU
		{67E7F77A-5DF1-4BF0-9F67-035DB032C7EC}.Release|Any CPU.Build.0 = Release|Any CPU
	EndGlobalSection
	GlobalSection(SolutionProperties) = preSolution
		HideSolutionNode = FALSE
	EndGlobalSection
	GlobalSection(ExtensibilityGlobals) = postSolution
		SolutionGuid = {314319AD-74CE-46CB-8531-7FD91678D686}
	EndGlobalSection
EndGlobal
